<?xml version="1.0" encoding="utf-8"?>
<Project ToolsVersion="4.0" xmlns="http://schemas.microsoft.com/developer/msbuild/2003">
  <ItemGroup>
    <Filter Include="Source Files">
      <UniqueIdentifier>{4FC737F1-C7A5-4376-A066-2A32D752A2FF}</UniqueIdentifier>
      <Extensions>cpp;c;cc;cxx;def;odl;idl;hpj;bat;asm;asmx</Extensions>
    </Filter>
    <Filter Include="Header Files">
      <UniqueIdentifier>{93995380-89BD-4b04-88EB-625FBE52EBFB}</UniqueIdentifier>
      <Extensions>h;hh;hpp;hxx;hm;inl;inc;xsd</Extensions>
    </Filter>
    <Filter Include="Resource Files">
      <UniqueIdentifier>{67DA6AB6-F800-4c08-8B7A-83BB121AAD01}</UniqueIdentifier>
      <Extensions>rc;ico;cur;bmp;dlg;rc2;rct;bin;rgs;gif;jpg;jpeg;jpe;resx;tiff;tif;png;wav;mfcribbon-ms</Extensions>
    </Filter>
  </ItemGroup>
  <ItemGroup>
    <ClCompile Include="Src\main.cpp">
      <Filter>Source Files</Filter>
    </ClCompile>
    <ClCompile Include="Src\DataStructures\String.cpp">
      <Filter>Source Files</Filter>
    </ClCompile>
    <ClCompile Include="Src\File\FileReader.cpp">
      <Filter>Source Files</Filter>
    </ClCompile>
    <ClCompile Include="Src\Memory\StackAllocator.cpp">
      <Filter>Source Files</Filter>
    </ClCompile>
    <ClCompile Include="Src\Memory\PoolAllocator.cpp">
      <Filter>Source Files</Filter>
    </ClCompile>
    <ClCompile Include="Src\Memory\LinearAllocator.cpp">
      <Filter>Source Files</Filter>
    </ClCompile>
    <ClCompile Include="Src\Rendering\WindowEventSystem.cpp">
      <Filter>Source Files</Filter>
    </ClCompile>
    <ClCompile Include="Src\Platform\Windows\Win32Display.cpp">
      <Filter>Source Files</Filter>
    </ClCompile>
    <ClCompile Include="Src\Rendering\IDisplay.cpp">
      <Filter>Source Files</Filter>
    </ClCompile>
    <ClCompile Include="Src\Platform\Vulkan\Texture2DVK.cpp">
      <Filter>Source Files</Filter>
    </ClCompile>
    <ClCompile Include="Src\Platform\Vulkan\RenderContextVK.cpp">
      <Filter>Source Files</Filter>
    </ClCompile>
    <ClCompile Include="Src\Platform\Vulkan\BufferVK.cpp">
      <Filter>Source Files</Filter>
    </ClCompile>
    <ClCompile Include="Src\Platform\OpenGL\RenderContextGL.cpp">
      <Filter>Source Files</Filter>
    </ClCompile>
    <ClCompile Include="Src\Platform\OpenGL\BufferGL.cpp">
      <Filter>Source Files</Filter>
    </ClCompile>
    <ClCompile Include="Src\Platform\D3D11\RenderContextD3D11.cpp">
      <Filter>Source Files</Filter>
    </ClCompile>
    <ClCompile Include="Src\Platform\D3D11\BufferD3D11.cpp">
      <Filter>Source Files</Filter>
    </ClCompile>
    <ClCompile Include="Src\Rendering\IRenderContext.cpp">
      <Filter>Source Files</Filter>
    </ClCompile>
    <ClCompile Include="Src\Rendering\IBuffer.cpp">
      <Filter>Source Files</Filter>
    </ClCompile>
    <ClCompile Include="Src\Vendor\stb_image.c">
      <Filter>Source Files</Filter>
    </ClCompile>
    <ClCompile Include="Src\Platform\Vulkan\TextureSamplerVK.cpp">
      <Filter>Source Files</Filter>
    </ClCompile>
    <ClCompile Include="Src\Rendering\ITexture2D.cpp">
      <Filter>Source Files</Filter>
    </ClCompile>
    <ClCompile Include="Src\Rendering\ITextureSampler.cpp">
      <Filter>Source Files</Filter>
    </ClCompile>
    <ClCompile Include="Src\Platform\OpenGL\Texture2DGL.cpp">
      <Filter>Source Files</Filter>
    </ClCompile>
    <ClCompile Include="Src\Platform\OpenGL\TextureSamplerGL.cpp">
      <Filter>Source Files</Filter>
    </ClCompile>
    <ClCompile Include="Src\Platform\D3D11\Texture2DD3D11.cpp">
      <Filter>Source Files</Filter>
    </ClCompile>
    <ClCompile Include="Src\Platform\D3D11\TextureSamplerD3D11.cpp">
      <Filter>Source Files</Filter>
    </ClCompile>
    <ClCompile Include="Src\ECS\EntityComponentSystem.cpp">
      <Filter>Source Files</Filter>
    </ClCompile>
    <ClCompile Include="Src\Core\CoreEngine.cpp">
      <Filter>Source Files</Filter>
    </ClCompile>
    <ClCompile Include="Src\Rendering\RenderingEngine.cpp">
      <Filter>Source Files</Filter>
    </ClCompile>
    <ClCompile Include="Src\Platform\Windows\Win32Input.cpp">
      <Filter>Source Files</Filter>
    </ClCompile>
    <ClCompile Include="Src\Core\IDisplayInput.cpp">
      <Filter>Source Files</Filter>
    </ClCompile>
    <ClCompile Include="Src\Rendering\Mesh.cpp">
      <Filter>Source Files</Filter>
    </ClCompile>
    <ClCompile Include="Src\Math\Math.cpp">
      <Filter>Source Files</Filter>
    </ClCompile>
    <ClCompile Include="Src\ECS\Systems\MeshSubmitionSystem.cpp">
      <Filter>Source Files</Filter>
    </ClCompile>
    <ClCompile Include="Src\Rendering\Material.cpp">
      <Filter>Source Files</Filter>
    </ClCompile>
    <ClCompile Include="Src\ECS\Systems\ViewProjectionSystem.cpp">
      <Filter>Source Files</Filter>
    </ClCompile>
    <ClCompile Include="Src\ECS\Systems\KeyboardMovementSystem.cpp">
      <Filter>Source Files</Filter>
    </ClCompile>
    <ClCompile Include="Src\ECS\Systems\MouseLookAroundSystem.cpp">
      <Filter>Source Files</Filter>
    </ClCompile>
    <ClCompile Include="Src\ECS\ECSBaseComponent.cpp">
      <Filter>Source Files</Filter>
    </ClCompile>
    <ClCompile Include="Src\ECS\ECSBaseSystem.cpp">
      <Filter>Source Files</Filter>
    </ClCompile>
    <ClCompile Include="Src\Importers\HappmdlImporter.cpp">
      <Filter>Source Files</Filter>
    </ClCompile>
    <ClCompile Include="Src\ECS\Systems\RotationSystem.cpp">
      <Filter>Source Files</Filter>
    </ClCompile>
  </ItemGroup>
  <ItemGroup>
    <ClInclude Include="Src\DataStructures\Array.h">
      <Filter>Header Files</Filter>
    </ClInclude>
    <ClInclude Include="Src\DataStructures\String.h">
      <Filter>Header Files</Filter>
    </ClInclude>
    <ClInclude Include="Src\DataStructures\Types.h">
      <Filter>Header Files</Filter>
    </ClInclude>
    <ClInclude Include="Src\DataStructures\Vector.h">
      <Filter>Header Files</Filter>
    </ClInclude>
    <ClInclude Include="Src\File\FileReader.h">
      <Filter>Header Files</Filter>
    </ClInclude>
    <ClInclude Include="Src\Math\GeneralMath.h">
      <Filter>Header Files</Filter>
    </ClInclude>
    <ClInclude Include="Src\Memory\StackAllocator.h">
      <Filter>Header Files</Filter>
    </ClInclude>
    <ClInclude Include="Src\Memory\PoolAllocator.h">
      <Filter>Header Files</Filter>
    </ClInclude>
    <ClInclude Include="Src\Memory\Allocator.h">
      <Filter>Header Files</Filter>
    </ClInclude>
    <ClInclude Include="Src\Memory\LinearAllocator.h">
      <Filter>Header Files</Filter>
    </ClInclude>
    <ClInclude Include="Src\Rendering\GraphicsPipeline\ColorBlendState.h">
      <Filter>Header Files</Filter>
    </ClInclude>
    <ClInclude Include="Src\Rendering\GraphicsPipeline\DepthStencilState.h">
      <Filter>Header Files</Filter>
    </ClInclude>
    <ClInclude Include="Src\Rendering\GraphicsPipeline\DynamicState.h">
      <Filter>Header Files</Filter>
    </ClInclude>
    <ClInclude Include="Src\Rendering\GraphicsPipeline\GraphicsPipeline.h">
      <Filter>Header Files</Filter>
    </ClInclude>
    <ClInclude Include="Src\Rendering\GraphicsPipeline\RasterizerState.h">
      <Filter>Header Files</Filter>
    </ClInclude>
    <ClInclude Include="Src\Rendering\GraphicsPipeline\ShaderInfo.h">
      <Filter>Header Files</Filter>
    </ClInclude>
    <ClInclude Include="Src\Rendering\GraphicsPipeline\VertexInputLayout.h">
      <Filter>Header Files</Filter>
    </ClInclude>
    <ClInclude Include="Src\Rendering\DrawCommand.h">
      <Filter>Header Files</Filter>
    </ClInclude>
    <ClInclude Include="Src\Rendering\Vertex.h">
      <Filter>Header Files</Filter>
    </ClInclude>
    <ClInclude Include="Src\Rendering\RenderAPI.h">
      <Filter>Header Files</Filter>
    </ClInclude>
    <ClInclude Include="Src\Rendering\WindowEventSystem.h">
      <Filter>Header Files</Filter>
    </ClInclude>
    <ClInclude Include="Src\Rendering\ITexture2D.h">
      <Filter>Header Files</Filter>
    </ClInclude>
    <ClInclude Include="Src\Rendering\ITexture.h">
      <Filter>Header Files</Filter>
    </ClInclude>
    <ClInclude Include="Src\Platform\Windows\Win32Display.h">
      <Filter>Header Files</Filter>
    </ClInclude>
    <ClInclude Include="Src\Rendering\IDisplay.h">
      <Filter>Header Files</Filter>
    </ClInclude>
    <ClInclude Include="Src\Platform\Vulkan\Texture2DVK.h">
      <Filter>Header Files</Filter>
    </ClInclude>
    <ClInclude Include="Src\Platform\Vulkan\RenderContextVK.h">
      <Filter>Header Files</Filter>
    </ClInclude>
    <ClInclude Include="Src\Platform\Vulkan\BufferVK.h">
      <Filter>Header Files</Filter>
    </ClInclude>
    <ClInclude Include="Src\Platform\OpenGL\RenderContextGL.h">
      <Filter>Header Files</Filter>
    </ClInclude>
    <ClInclude Include="Src\Platform\OpenGL\BufferGL.h">
      <Filter>Header Files</Filter>
    </ClInclude>
    <ClInclude Include="Src\Platform\D3D11\RenderContextD3D11.h">
      <Filter>Header Files</Filter>
    </ClInclude>
    <ClInclude Include="Src\Platform\D3D11\BufferD3D11.h">
      <Filter>Header Files</Filter>
    </ClInclude>
    <ClInclude Include="Src\Rendering\IRenderContext.h">
      <Filter>Header Files</Filter>
    </ClInclude>
    <ClInclude Include="Src\Rendering\IBuffer.h">
      <Filter>Header Files</Filter>
    </ClInclude>
    <ClInclude Include="Src\Vendor\stb_image.h">
      <Filter>Header Files</Filter>
    </ClInclude>
    <ClInclude Include="Src\Rendering\ITextureSampler.h">
      <Filter>Header Files</Filter>
    </ClInclude>
    <ClInclude Include="Src\Platform\Vulkan\TextureSamplerVK.h">
      <Filter>Header Files</Filter>
    </ClInclude>
    <ClInclude Include="Src\Platform\OpenGL\Texture2DGL.h">
      <Filter>Header Files</Filter>
    </ClInclude>
    <ClInclude Include="Src\Platform\OpenGL\TextureSamplerGL.h">
      <Filter>Header Files</Filter>
    </ClInclude>
    <ClInclude Include="Src\Platform\D3D11\Texture2DD3D11.h">
      <Filter>Header Files</Filter>
    </ClInclude>
    <ClInclude Include="Src\Platform\D3D11\TextureSamplerD3D11.h">
      <Filter>Header Files</Filter>
    </ClInclude>
    <ClInclude Include="Src\Core\Application.h">
      <Filter>Header Files</Filter>
    </ClInclude>
    <ClInclude Include="Src\ECS\EntityComponentSystem.h">
      <Filter>Header Files</Filter>
    </ClInclude>
    <ClInclude Include="Src\ECS\ECSComponent.h">
      <Filter>Header Files</Filter>
    </ClInclude>
    <ClInclude Include="Src\ECS\ECSHandles.h">
      <Filter>Header Files</Filter>
    </ClInclude>
    <ClInclude Include="Src\ECS\ECSSystem.h">
      <Filter>Header Files</Filter>
    </ClInclude>
    <ClInclude Include="Src\Core\CoreEngine.h">
      <Filter>Header Files</Filter>
    </ClInclude>
    <ClInclude Include="Src\Rendering\RenderingEngine.h">
      <Filter>Header Files</Filter>
    </ClInclude>
    <ClInclude Include="Src\Core\SubEngines.h">
      <Filter>Header Files</Filter>
    </ClInclude>
    <ClInclude Include="Src\Core\InputDefs.h">
      <Filter>Header Files</Filter>
    </ClInclude>
    <ClInclude Include="Src\Platform\Windows\Win32Input.h">
      <Filter>Header Files</Filter>
    </ClInclude>
    <ClInclude Include="Src\Core\IDisplayInput.h">
      <Filter>Header Files</Filter>
    </ClInclude>
    <ClInclude Include="Src\Rendering\Mesh.h">
      <Filter>Header Files</Filter>
    </ClInclude>
    <ClInclude Include="Src\Rendering\Material.h">
      <Filter>Header Files</Filter>
    </ClInclude>
    <ClInclude Include="Src\Math\Math.h">
      <Filter>Header Files</Filter>
    </ClInclude>
    <ClInclude Include="Src\Math\Transform.h">
      <Filter>Header Files</Filter>
    </ClInclude>
    <ClInclude Include="Src\ECS\Components\TransformComponent.h">
      <Filter>Header Files</Filter>
    </ClInclude>
    <ClInclude Include="Src\ECS\Components\MeshComponent.h">
      <Filter>Header Files</Filter>
    </ClInclude>
    <ClInclude Include="Src\ECS\Systems\MeshSubmitionSystem.h">
      <Filter>Header Files</Filter>
    </ClInclude>
    <ClInclude Include="Src\ECS\Components\CameraComponent.h">
      <Filter>Header Files</Filter>
    </ClInclude>
    <ClInclude Include="Src\ECS\Systems\ViewProjectionSystem.h">
      <Filter>Header Files</Filter>
    </ClInclude>
    <ClInclude Include="Src\ECS\Components\KeyboardMovementComponent.h">
      <Filter>Header Files</Filter>
    </ClInclude>
    <ClInclude Include="Src\ECS\Components\MouseLookAroundComponent.h">
      <Filter>Header Files</Filter>
    </ClInclude>
    <ClInclude Include="Src\ECS\Systems\KeyboardMovementSystem.h">
      <Filter>Header Files</Filter>
    </ClInclude>
    <ClInclude Include="Src\ECS\Systems\Systems.h">
      <Filter>Header Files</Filter>
    </ClInclude>
    <ClInclude Include="Src\ECS\Components\Components.h">
      <Filter>Header Files</Filter>
    </ClInclude>
    <ClInclude Include="Src\ECS\Systems\MouseLookAroundSystem.h">
      <Filter>Header Files</Filter>
    </ClInclude>
    <ClInclude Include="Src\ECS\ECSBaseComponent.h">
      <Filter>Header Files</Filter>
    </ClInclude>
    <ClInclude Include="Src\ECS\ECSBaseSystem.h">
      <Filter>Header Files</Filter>
    </ClInclude>
    <ClInclude Include="Src\Importers\HappmdlImporter.h">
      <Filter>Header Files</Filter>
    </ClInclude>
    <ClInclude Include="Src\ECS\Components\RotationComponent.h">
      <Filter>Header Files</Filter>
    </ClInclude>
    <ClInclude Include="Src\ECS\Systems\RotationSystem.h">
      <Filter>Header Files</Filter>
    </ClInclude>
  </ItemGroup>
</Project>